{
  "name": "@reflash/shared",
  "version": "1.0.0",
  "lockfileVersion": 3,
  "requires": true,
  "packages": {
    "": {
      "name": "@reflash/shared",
      "version": "1.0.0",
      "dependencies": {
        "zod": "^4.3.4"
      }
    },
    "node_modules/zod": {
      "version": "4.3.4",
      "resolved": "https://registry.npmjs.org/zod/-/zod-4.3.4.tgz",
      "integrity": "sha512-Zw/uYiiyF6pUT1qmKbZziChgNPRu+ZRneAsMUDU6IwmXdWt5JwcUfy2bvLOCUtz5UniaN/Zx5aFttZYbYc7O/A==",
      "license": "MIT",
      "funding": {
        "url": "https://github.com/sponsors/colinhacks"
      }
    }
  }
}
